{
  "name": "drmb",
  "lockfileVersion": 3,
  "requires": true,
  "packages": {
    "": {
      "dependencies": {
        "openzeppelin-solidity": "github:OpenZeppelin/openzeppelin-contracts"
      }
    },
    "node_modules/openzeppelin-solidity": {
      "version": "5.2.0",
      "resolved": "git+ssh://git@github.com/OpenZeppelin/openzeppelin-contracts.git#ca7a4e39de0860bbaadf95824207886e6de9fa64",
      "license": "MIT"
    }
  }
}
